
Microsoft Visual Studio Solution File, Format Version 12.00
# Visual Studio Version 16
VisualStudioVersion = 16.0.30804.86
MinimumVisualStudioVersion = 10.0.40219.1
Project("{FAE04EC0-301F-11D3-BF4B-00C04F79EFBC}") = "ConsoleApp1", "ConsoleApp1\ConsoleApp1.csproj", "{F57DE02B-27DF-4934-9B90-7881253409DE}"
EndProject
Project("{FAE04EC0-301F-11D3-BF4B-00C04F79EFBC}") = "ConsoleApp2", "ConsoleApp2\ConsoleApp2.csproj", "{E10E0343-1077-4B0B-8CCD-C82ABA097DEE}"
EndProject
Global
	GlobalSection(SolutionConfigurationPlatforms) = preSolution
		Debug|Any CPU = Debug|Any CPU
		Release|Any CPU = Release|Any CPU
	EndGlobalSection
	GlobalSection(ProjectConfigurationPlatforms) = postSolution
		{F57DE02B-27DF-4934-9B90-7881253409DE}.Debug|Any CPU.ActiveCfg = Debug|Any CPU
		{F57DE02B-27DF-4934-9B90-7881253409DE}.Debug|Any CPU.Build.0 = Debug|Any CPU
		{F57DE02B-27DF-4934-9B90-7881253409DE}.Release|Any CPU.ActiveCfg = Release|Any CPU
		{F57DE02B-27DF-4934-9B90-7881253409DE}.Release|Any CPU.Build.0 = Release|Any CPU
		{E10E0343-1077-4B0B-8CCD-C82ABA097DEE}.Debug|Any CPU.ActiveCfg = Debug|Any CPU
		{E10E0343-1077-4B0B-8CCD-C82ABA097DEE}.Debug|Any CPU.Build.0 = Debug|Any CPU
		{E10E0343-1077-4B0B-8CCD-C82ABA097DEE}.Release|Any CPU.ActiveCfg = Release|Any CPU
		{E10E0343-1077-4B0B-8CCD-C82ABA097DEE}.Release|Any CPU.Build.0 = Release|Any CPU
	EndGlobalSection
	GlobalSection(SolutionProperties) = preSolution
		HideSolutionNode = FALSE
	EndGlobalSection
	GlobalSection(ExtensibilityGlobals) = postSolution
		SolutionGuid = {05440E3E-CFCA-420F-9A61-2E6F1CFF2152}
	EndGlobalSection
EndGlobal
